
Microsoft Visual Studio Solution File, Format Version 12.00
# Visual Studio Version 16
VisualStudioVersion = 16.0.31624.102
MinimumVisualStudioVersion = 10.0.40219.1
Project("{9A19103F-16F7-4668-BE54-9A1E7A4F7556}") = "Day_01_01", "Day_01\Day_01_01.csproj", "{30F2349F-D0FC-4DFD-BBAE-41F99053A652}"
EndProject
Project("{9A19103F-16F7-4668-BE54-9A1E7A4F7556}") = "Day_01_02", "Day_01_02\Day_01_02.csproj", "{43457991-84E2-4101-B1E0-9D2CF5C42B1B}"
EndProject
Project("{9A19103F-16F7-4668-BE54-9A1E7A4F7556}") = "Day_02_01", "Day_02_01\Day_02_01.csproj", "{7CE45236-F163-462F-8144-B27DEEE6BE53}"
EndProject
Project("{9A19103F-16F7-4668-BE54-9A1E7A4F7556}") = "Day_02_02", "Day_02_02\Day_02_02.csproj", "{634049AF-2EE9-4CD0-9BFE-6654355FD07B}"
EndProject
Project("{9A19103F-16F7-4668-BE54-9A1E7A4F7556}") = "Day_03_01", "Day_03_01\Day_03_01.csproj", "{FAC6BFA7-25B9-4A06-8088-9E5C4835BA7D}"
EndProject
Project("{9A19103F-16F7-4668-BE54-9A1E7A4F7556}") = "Day_03_02", "Day_03_02\Day_03_02.csproj", "{03E9B079-B9D0-4DCB-9033-AE01E5261FCB}"
EndProject
Project("{FAE04EC0-301F-11D3-BF4B-00C04F79EFBC}") = "Day_04_01", "Day_04_01\Day_04_01.csproj", "{C534CE72-6EFA-4BB0-805C-D1F488C22330}"
EndProject
Global
	GlobalSection(SolutionConfigurationPlatforms) = preSolution
		Debug|Any CPU = Debug|Any CPU
		Release|Any CPU = Release|Any CPU
	EndGlobalSection
	GlobalSection(ProjectConfigurationPlatforms) = postSolution
		{30F2349F-D0FC-4DFD-BBAE-41F99053A652}.Debug|Any CPU.ActiveCfg = Debug|Any CPU
		{30F2349F-D0FC-4DFD-BBAE-41F99053A652}.Debug|Any CPU.Build.0 = Debug|Any CPU
		{30F2349F-D0FC-4DFD-BBAE-41F99053A652}.Release|Any CPU.ActiveCfg = Release|Any CPU
		{30F2349F-D0FC-4DFD-BBAE-41F99053A652}.Release|Any CPU.Build.0 = Release|Any CPU
		{43457991-84E2-4101-B1E0-9D2CF5C42B1B}.Debug|Any CPU.ActiveCfg = Debug|Any CPU
		{43457991-84E2-4101-B1E0-9D2CF5C42B1B}.Debug|Any CPU.Build.0 = Debug|Any CPU
		{43457991-84E2-4101-B1E0-9D2CF5C42B1B}.Release|Any CPU.ActiveCfg = Release|Any CPU
		{43457991-84E2-4101-B1E0-9D2CF5C42B1B}.Release|Any CPU.Build.0 = Release|Any CPU
		{7CE45236-F163-462F-8144-B27DEEE6BE53}.Debug|Any CPU.ActiveCfg = Debug|Any CPU
		{7CE45236-F163-462F-8144-B27DEEE6BE53}.Debug|Any CPU.Build.0 = Debug|Any CPU
		{7CE45236-F163-462F-8144-B27DEEE6BE53}.Release|Any CPU.ActiveCfg = Release|Any CPU
		{7CE45236-F163-462F-8144-B27DEEE6BE53}.Release|Any CPU.Build.0 = Release|Any CPU
		{634049AF-2EE9-4CD0-9BFE-6654355FD07B}.Debug|Any CPU.ActiveCfg = Debug|Any CPU
		{634049AF-2EE9-4CD0-9BFE-6654355FD07B}.Debug|Any CPU.Build.0 = Debug|Any CPU
		{634049AF-2EE9-4CD0-9BFE-6654355FD07B}.Release|Any CPU.ActiveCfg = Release|Any CPU
		{634049AF-2EE9-4CD0-9BFE-6654355FD07B}.Release|Any CPU.Build.0 = Release|Any CPU
		{FAC6BFA7-25B9-4A06-8088-9E5C4835BA7D}.Debug|Any CPU.ActiveCfg = Debug|Any CPU
		{FAC6BFA7-25B9-4A06-8088-9E5C4835BA7D}.Debug|Any CPU.Build.0 = Debug|Any CPU
		{FAC6BFA7-25B9-4A06-8088-9E5C4835BA7D}.Release|Any CPU.ActiveCfg = Release|Any CPU
		{FAC6BFA7-25B9-4A06-8088-9E5C4835BA7D}.Release|Any CPU.Build.0 = Release|Any CPU
		{03E9B079-B9D0-4DCB-9033-AE01E5261FCB}.Debug|Any CPU.ActiveCfg = Debug|Any CPU
		{03E9B079-B9D0-4DCB-9033-AE01E5261FCB}.Debug|Any CPU.Build.0 = Debug|Any CPU
		{03E9B079-B9D0-4DCB-9033-AE01E5261FCB}.Release|Any CPU.ActiveCfg = Release|Any CPU
		{03E9B079-B9D0-4DCB-9033-AE01E5261FCB}.Release|Any CPU.Build.0 = Release|Any CPU
		{C534CE72-6EFA-4BB0-805C-D1F488C22330}.Debug|Any CPU.ActiveCfg = Debug|Any CPU
		{C534CE72-6EFA-4BB0-805C-D1F488C22330}.Debug|Any CPU.Build.0 = Debug|Any CPU
		{C534CE72-6EFA-4BB0-805C-D1F488C22330}.Release|Any CPU.ActiveCfg = Release|Any CPU
		{C534CE72-6EFA-4BB0-805C-D1F488C22330}.Release|Any CPU.Build.0 = Release|Any CPU
	EndGlobalSection
	GlobalSection(SolutionProperties) = preSolution
		HideSolutionNode = FALSE
	EndGlobalSection
	GlobalSection(ExtensibilityGlobals) = postSolution
		SolutionGuid = {52501FC1-8198-4CE3-A7AD-43452259D707}
	EndGlobalSection
EndGlobal
